// !$*UTF8*$!
{
	archiveVersion = 1;
	classes = {
	};
	objectVersion = 46;
	objects = {

/* Begin PBXBuildFile section */
		04384BBB154A99B1001223C0 /* UIKit.framework in Frameworks */ = {isa = PBXBuildFile; fileRef = 04384BBA154A99B1001223C0 /* UIKit.framework */; };
		04384BBD154A99B1001223C0 /* Foundation.framework in Frameworks */ = {isa = PBXBuildFile; fileRef = 04384BBC154A99B1001223C0 /* Foundation.framework */; };
		04384BBF154A99B1001223C0 /* CoreGraphics.framework in Frameworks */ = {isa = PBXBuildFile; fileRef = 04384BBE154A99B1001223C0 /* CoreGraphics.framework */; };
		04384BC5154A99B1001223C0 /* InfoPlist.strings in Resources */ = {isa = PBXBuildFile; fileRef = 04384BC3154A99B1001223C0 /* InfoPlist.strings */; };
		04384BC7154A99B1001223C0 /* main.m in Sources */ = {isa = PBXBuildFile; fileRef = 04384BC6154A99B1001223C0 /* main.m */; };
		04384BCB154A99B1001223C0 /* DNDAppDelegate.m in Sources */ = {isa = PBXBuildFile; fileRef = 04384BCA154A99B1001223C0 /* DNDAppDelegate.m */; };
		04384BCE154A99B1001223C0 /* DNDViewController.m in Sources */ = {isa = PBXBuildFile; fileRef = 04384BCD154A99B1001223C0 /* DNDViewController.m */; };
		04384BD1154A99B1001223C0 /* DNDViewController_iPhone.xib in Resources */ = {isa = PBXBuildFile; fileRef = 04384BCF154A99B1001223C0 /* DNDViewController_iPhone.xib */; };
		04384BD4154A99B1001223C0 /* DNDViewController_iPad.xib in Resources */ = {isa = PBXBuildFile; fileRef = 04384BD2154A99B1001223C0 /* DNDViewController_iPad.xib */; };
/* End PBXBuildFile section */

/* Begin PBXFileReference section */
		04384BB6154A99B1001223C0 /* DragAndDrop.app */ = {isa = PBXFileReference; explicitFileType = wrapper.application; includeInIndex = 0; path = DragAndDrop.app; sourceTree = BUILT_PRODUCTS_DIR; };
		04384BBA154A99B1001223C0 /* UIKit.framework */ = {isa = PBXFileReference; lastKnownFileType = wrapper.framework; name = UIKit.framework; path = System/Library/Frameworks/UIKit.framework; sourceTree = SDKROOT; };
		04384BBC154A99B1001223C0 /* Foundation.framework */ = {isa = PBXFileReference; lastKnownFileType = wrapper.framework; name = Foundation.framework; path = System/Library/Frameworks/Foundation.framework; sourceTree = SDKROOT; };
		04384BBE154A99B1001223C0 /* CoreGraphics.framework */ = {isa = PBXFileReference; lastKnownFileType = wrapper.framework; name = CoreGraphics.framework; path = System/Library/Frameworks/CoreGraphics.framework; sourceTree = SDKROOT; };
		04384BC2154A99B1001223C0 /* DragAndDrop-Info.plist */ = {isa = PBXFileReference; path = "DragAndDrop-Info.plist"; sourceTree = "<group>"; };
		04384BC4154A99B1001223C0 /* en */ = {isa = PBXFileReference; lastKnownFileType = text.plist.strings; name = en; path = en.lproj/InfoPlist.strings; sourceTree = "<group>"; };
		04384BC6154A99B1001223C0 /* main.m */ = {isa = PBXFileReference; lastKnownFileType = sourcecode.c.objc; path = main.m; sourceTree = "<group>"; };
		04384BC8154A99B1001223C0 /* DragAndDrop-Prefix.pch */ = {isa = PBXFileReference; path = "DragAndDrop-Prefix.pch"; sourceTree = "<group>"; };
		04384BC9154A99B1001223C0 /* DNDAppDelegate.h */ = {isa = PBXFileReference; path = DNDAppDelegate.h; sourceTree = "<group>"; };
		04384BCA154A99B1001223C0 /* DNDAppDelegate.m */ = {isa = PBXFileReference; lastKnownFileType = sourcecode.c.objc; path = DNDAppDelegate.m; sourceTree = "<group>"; };
		04384BCC154A99B1001223C0 /* DNDViewController.h */ = {isa = PBXFileReference; path = DNDViewController.h; sourceTree = "<group>"; };
		04384BCD154A99B1001223C0 /* DNDViewController.m */ = {isa = PBXFileReference; lastKnownFileType = sourcecode.c.objc; path = DNDViewController.m; sourceTree = "<group>"; };
		04384BD0154A99B1001223C0 /* en */ = {isa = PBXFileReference; lastKnownFileType = file.xib; name = en; path = en.lproj/DNDViewController_iPhone.xib; sourceTree = "<group>"; };
		04384BD3154A99B1001223C0 /* en */ = {isa = PBXFileReference; lastKnownFileType = file.xib; name = en; path = en.lproj/DNDViewController_iPad.xib; sourceTree = "<group>"; };
/* End PBXFileReference section */

/* Begin PBXFrameworksBuildPhase section */
		04384BB3154A99B1001223C0 /* Frameworks */ = {
			isa = PBXFrameworksBuildPhase;
			buildActionMask = 2147483647;
			files = (
				04384BBB154A99B1001223C0 /* UIKit.framework in Frameworks */,
				04384BBD154A99B1001223C0 /* Foundation.framework in Frameworks */,
				04384BBF154A99B1001223C0 /* CoreGraphics.framework in Frameworks */,
			);
			runOnlyForDeploymentPostprocessing = 0;
		};
/* End PBXFrameworksBuildPhase section */

/* Begin PBXGroup section */
		04384BAB154A99B1001223C0 = {
			isa = PBXGroup;
			children = (
				04384BC0154A99B1001223C0 /* DragAndDrop */,
				04384BB9154A99B1001223C0 /* Frameworks */,
				04384BB7154A99B1001223C0 /* Products */,
			);
			sourceTree = "<group>";
		};
		04384BB7154A99B1001223C0 /* Products */ = {
			isa = PBXGroup;
			children = (
				04384BB6154A99B1001223C0 /* DragAndDrop.app */,
			);
			name = Products;
			sourceTree = "<group>";
		};
		04384BB9154A99B1001223C0 /* Frameworks */ = {
			isa = PBXGroup;
			children = (
				04384BBA154A99B1001223C0 /* UIKit.framework */,
				04384BBC154A99B1001223C0 /* Foundation.framework */,
				04384BBE154A99B1001223C0 /* CoreGraphics.framework */,
			);
			name = Frameworks;
			sourceTree = "<group>";
		};
		04384BC0154A99B1001223C0 /* DragAndDrop */ = {
			isa = PBXGroup;
			children = (
				04384BC9154A99B1001223C0 /* DNDAppDelegate.h */,
				04384BCA154A99B1001223C0 /* DNDAppDelegate.m */,
				04384BCC154A99B1001223C0 /* DNDViewController.h */,
				04384BCD154A99B1001223C0 /* DNDViewController.m */,
				04384BCF154A99B1001223C0 /* DNDViewController_iPhone.xib */,
				04384BD2154A99B1001223C0 /* DNDViewController_iPad.xib */,
				04384BC1154A99B1001223C0 /* Supporting Files */,
			);
			path = DragAndDrop;
			sourceTree = "<group>";
		};
		04384BC1154A99B1001223C0 /* Supporting Files */ = {
			isa = PBXGroup;
			children = (
				04384BC2154A99B1001223C0 /* DragAndDrop-Info.plist */,
				04384BC3154A99B1001223C0 /* InfoPlist.strings */,
				04384BC6154A99B1001223C0 /* main.m */,
				04384BC8154A99B1001223C0 /* DragAndDrop-Prefix.pch */,
			);
			name = "Supporting Files";
			sourceTree = "<group>";
		};
/* End PBXGroup section */

/* Begin PBXNativeTarget section */
		04384BB5154A99B1001223C0 /* DragAndDrop */ = {
			isa = PBXNativeTarget;
			buildConfigurationList = 04384BD7154A99B1001223C0 /* Build configuration list for PBXNativeTarget "DragAndDrop" */;
			buildPhases = (
				04384BB2154A99B1001223C0 /* Sources */,
				04384BB3154A99B1001223C0 /* Frameworks */,
				04384BB4154A99B1001223C0 /* Resources */,
			);
			buildRules = (
			);
			dependencies = (
			);
			name = DragAndDrop;
			productName = DragAndDrop;
			productReference = 04384BB6154A99B1001223C0 /* DragAndDrop.app */;
			productType = "com.apple.product-type.application";
		};
/* End PBXNativeTarget section */

/* Begin PBXProject section */
		04384BAD154A99B1001223C0 /* Project object */ = {
			isa = PBXProject;
			attributes = {
				CLASSPREFIX = DND;
				LastUpgradeCheck = 0430;
				ORGANIZATIONNAME = Endorse;
			};
			buildConfigurationList = 04384BB0154A99B1001223C0 /* Build configuration list for PBXProject "DragAndDrop" */;
			compatibilityVersion = "Xcode 3.2";
			developmentRegion = English;
			hasScannedForEncodings = 0;
			knownRegions = (
				en,
			);
			mainGroup = 04384BAB154A99B1001223C0;
			productRefGroup = 04384BB7154A99B1001223C0 /* Products */;
			projectDirPath = "";
			projectRoot = "";
			targets = (
				04384BB5154A99B1001223C0 /* DragAndDrop */,
			);
		};
/* End PBXProject section */

/* Begin PBXResourcesBuildPhase section */
		04384BB4154A99B1001223C0 /* Resources */ = {
			isa = PBXResourcesBuildPhase;
			buildActionMask = 2147483647;
			files = (
				04384BC5154A99B1001223C0 /* InfoPlist.strings in Resources */,
				04384BD1154A99B1001223C0 /* DNDViewController_iPhone.xib in Resources */,
				04384BD4154A99B1001223C0 /* DNDViewController_iPad.xib in Resources */,
			);
			runOnlyForDeploymentPostprocessing = 0;
		};
/* End PBXResourcesBuildPhase section */

/* Begin PBXSourcesBuildPhase section */
		04384BB2154A99B1001223C0 /* Sources */ = {
			isa = PBXSourcesBuildPhase;
			buildActionMask = 2147483647;
			files = (
				04384BC7154A99B1001223C0 /* main.m in Sources */,
				04384BCB154A99B1001223C0 /* DNDAppDelegate.m in Sources */,
				04384BCE154A99B1001223C0 /* DNDViewController.m in Sources */,
			);
			runOnlyForDeploymentPostprocessing = 0;
		};
/* End PBXSourcesBuildPhase section */

/* Begin PBXVariantGroup section */
		04384BC3154A99B1001223C0 /* InfoPlist.strings */ = {
			isa = PBXVariantGroup;
			children = (
				04384BC4154A99B1001223C0 /* en */,
			);
			name = InfoPlist.strings;
			sourceTree = "<group>";
		};
		04384BCF154A99B1001223C0 /* DNDViewController_iPhone.xib */ = {
			isa = PBXVariantGroup;
			children = (
				04384BD0154A99B1001223C0 /* en */,
			);
			name = DNDViewController_iPhone.xib;
			sourceTree = "<group>";
		};
		04384BD2154A99B1001223C0 /* DNDViewController_iPad.xib */ = {
			isa = PBXVariantGroup;
			children = (
				04384BD3154A99B1001223C0 /* en */,
			);
			name = DNDViewController_iPad.xib;
			sourceTree = "<group>";
		};
/* End PBXVariantGroup section */

/* Begin XCBuildConfiguration section */
		04384BD5154A99B1001223C0 /* Debug */ = {
			isa = XCBuildConfiguration;
			buildSettings = {
				ALWAYS_SEARCH_USER_PATHS = NO;
				ARCHS = "$(ARCHS_STANDARD_32_BIT)";
				CLANG_ENABLE_OBJC_ARC = YES;
				"CODE_SIGN_IDENTITY[sdk=iphoneos*]" = "iPhone Developer";
				COPY_PHASE_STRIP = NO;
				GCC_C_LANGUAGE_STANDARD = gnu99;
				GCC_DYNAMIC_NO_PIC = NO;
				GCC_OPTIMIZATION_LEVEL = 0;
				GCC_PREPROCESSOR_DEFINITIONS = (
					"DEBUG=1",
					"$(inherited)",
				);
				GCC_SYMBOLS_PRIVATE_EXTERN = NO;
				GCC_VERSION = com.apple.compilers.llvm.clang.1_0;
				GCC_WARN_ABOUT_RETURN_TYPE = YES;
				GCC_WARN_UNINITIALIZED_AUTOS = YES;
				GCC_WARN_UNUSED_VARIABLE = YES;
				IPHONEOS_DEPLOYMENT_TARGET = 5.1;
				SDKROOT = iphoneos;
				TARGETED_DEVICE_FAMILY = "1,2";
			};
			name = Debug;
		};
		04384BD6154A99B1001223C0 /* Release */ = {
			isa = XCBuildConfiguration;
			buildSettings = {
				ALWAYS_SEARCH_USER_PATHS = NO;
				ARCHS = "$(ARCHS_STANDARD_32_BIT)";
				CLANG_ENABLE_OBJC_ARC = YES;
				"CODE_SIGN_IDENTITY[sdk=iphoneos*]" = "iPhone Developer";
				COPY_PHASE_STRIP = YES;
				GCC_C_LANGUAGE_STANDARD = gnu99;
				GCC_VERSION = com.apple.compilers.llvm.clang.1_0;
				GCC_WARN_ABOUT_RETURN_TYPE = YES;
				GCC_WARN_UNINITIALIZED_AUTOS = YES;
				GCC_WARN_UNUSED_VARIABLE = YES;
				IPHONEOS_DEPLOYMENT_TARGET = 5.1;
				OTHER_CFLAGS = "-DNS_BLOCK_ASSERTIONS=1";
				SDKROOT = iphoneos;
				TARGETED_DEVICE_FAMILY = "1,2";
				VALIDATE_PRODUCT = YES;
			};
			name = Release;
		};
		04384BD8154A99B1001223C0 /* Debug */ = {
			isa = XCBuildConfiguration;
			buildSettings = {
				GCC_PRECOMPILE_PREFIX_HEADER = YES;
				GCC_PREFIX_HEADER = "DragAndDrop/DragAndDrop-Prefix.pch";
				INFOPLIST_FILE = "DragAndDrop/DragAndDrop-Info.plist";
				PRODUCT_NAME = "$(TARGET_NAME)";
				WRAPPER_EXTENSION = app;
			};
			name = Debug;
		};
		04384BD9154A99B1001223C0 /* Release */ = {
			isa = XCBuildConfiguration;
			buildSettings = {
				GCC_PRECOMPILE_PREFIX_HEADER = YES;
				GCC_PREFIX_HEADER = "DragAndDrop/DragAndDrop-Prefix.pch";
				INFOPLIST_FILE = "DragAndDrop/DragAndDrop-Info.plist";
				PRODUCT_NAME = "$(TARGET_NAME)";
				WRAPPER_EXTENSION = app;
			};
			name = Release;
		};
/* End XCBuildConfiguration section */

/* Begin XCConfigurationList section */
		04384BB0154A99B1001223C0 /* Build configuration list for PBXProject "DragAndDrop" */ = {
			isa = XCConfigurationList;
			buildConfigurations = (
				04384BD5154A99B1001223C0 /* Debug */,
				04384BD6154A99B1001223C0 /* Release */,
			);
			defaultConfigurationIsVisible = 0;
			defaultConfigurationName = Release;
		};
		04384BD7154A99B1001223C0 /* Build configuration list for PBXNativeTarget "DragAndDrop" */ = {
			isa = XCConfigurationList;
			buildConfigurations = (
				04384BD8154A99B1001223C0 /* Debug */,
				04384BD9154A99B1001223C0 /* Release */,
			);
			defaultConfigurationIsVisible = 0;
		};
/* End XCConfigurationList section */
	};
	rootObject = 04384BAD154A99B1001223C0 /* Project object */;
}
